
Microsoft Visual Studio Solution File, Format Version 12.00
# Visual Studio Version 17
VisualStudioVersion = 17.3.32901.215
MinimumVisualStudioVersion = 10.0.40219.1
Project("{FAE04EC0-301F-11D3-BF4B-00C04F79EFBC}") = "Bilgisayar", "Bilgisayar.csproj", "{5984441D-2248-435A-9C74-B2452BCA97B1}"
EndProject
Global
	GlobalSection(SolutionConfigurationPlatforms) = preSolution
		Debug|Any CPU = Debug|Any CPU
		Release|Any CPU = Release|Any CPU
	EndGlobalSection
	GlobalSection(ProjectConfigurationPlatforms) = postSolution
		{5984441D-2248-435A-9C74-B2452BCA97B1}.Debug|Any CPU.ActiveCfg = Debug|Any CPU
		{5984441D-2248-435A-9C74-B2452BCA97B1}.Debug|Any CPU.Build.0 = Debug|Any CPU
		{5984441D-2248-435A-9C74-B2452BCA97B1}.Release|Any CPU.ActiveCfg = Release|Any CPU
		{5984441D-2248-435A-9C74-B2452BCA97B1}.Release|Any CPU.Build.0 = Release|Any CPU
	EndGlobalSection
	GlobalSection(SolutionProperties) = preSolution
		HideSolutionNode = FALSE
	EndGlobalSection
	GlobalSection(ExtensibilityGlobals) = postSolution
		SolutionGuid = {E809D0CD-95F6-4653-8FE2-F9BCCBFCEEAB}
	EndGlobalSection
EndGlobal
